// !$*UTF8*$!
{
	archiveVersion = 1;
	classes = {
	};
	objectVersion = 48;
	objects = {

/* Begin PBXBuildFile section */
		1CFD967D202C682B00A165FB /* AppDelegate.swift in Sources */ = {isa = PBXBuildFile; fileRef = 1CFD967C202C682B00A165FB /* AppDelegate.swift */; };
		1CFD967F202C682B00A165FB /* ViewController.swift in Sources */ = {isa = PBXBuildFile; fileRef = 1CFD967E202C682B00A165FB /* ViewController.swift */; };
		1CFD9682202C682B00A165FB /* Main.storyboard in Resources */ = {isa = PBXBuildFile; fileRef = 1CFD9680202C682B00A165FB /* Main.storyboard */; };
		1CFD9684202C682B00A165FB /* Assets.xcassets in Resources */ = {isa = PBXBuildFile; fileRef = 1CFD9683202C682B00A165FB /* Assets.xcassets */; };
		1CFD9687202C682B00A165FB /* LaunchScreen.storyboard in Resources */ = {isa = PBXBuildFile; fileRef = 1CFD9685202C682B00A165FB /* LaunchScreen.storyboard */; };
		1CFD9692202C682C00A165FB /* testCameraSimpleTests.swift in Sources */ = {isa = PBXBuildFile; fileRef = 1CFD9691202C682C00A165FB /* testCameraSimpleTests.swift */; };
		1CFD969D202C682C00A165FB /* testCameraSimpleUITests.swift in Sources */ = {isa = PBXBuildFile; fileRef = 1CFD969C202C682C00A165FB /* testCameraSimpleUITests.swift */; };
/* End PBXBuildFile section */

/* Begin PBXContainerItemProxy section */
		1CFD968E202C682C00A165FB /* PBXContainerItemProxy */ = {
			isa = PBXContainerItemProxy;
			containerPortal = 1CFD9671202C682B00A165FB /* Project object */;
			proxyType = 1;
			remoteGlobalIDString = 1CFD9678202C682B00A165FB;
			remoteInfo = testCameraSimple;
		};
		1CFD9699202C682C00A165FB /* PBXContainerItemProxy */ = {
			isa = PBXContainerItemProxy;
			containerPortal = 1CFD9671202C682B00A165FB /* Project object */;
			proxyType = 1;
			remoteGlobalIDString = 1CFD9678202C682B00A165FB;
			remoteInfo = testCameraSimple;
		};
/* End PBXContainerItemProxy section */

/* Begin PBXFileReference section */
		1CFD9679202C682B00A165FB /* testCameraSimple.app */ = {isa = PBXFileReference; explicitFileType = wrapper.application; includeInIndex = 0; path = testCameraSimple.app; sourceTree = BUILT_PRODUCTS_DIR; };
		1CFD967C202C682B00A165FB /* AppDelegate.swift */ = {isa = PBXFileReference; lastKnownFileType = sourcecode.swift; path = AppDelegate.swift; sourceTree = "<group>"; };
		1CFD967E202C682B00A165FB /* ViewController.swift */ = {isa = PBXFileReference; lastKnownFileType = sourcecode.swift; path = ViewController.swift; sourceTree = "<group>"; };
		1CFD9681202C682B00A165FB /* Base */ = {isa = PBXFileReference; lastKnownFileType = file.storyboard; name = Base; path = Base.lproj/Main.storyboard; sourceTree = "<group>"; };
		1CFD9683202C682B00A165FB /* Assets.xcassets */ = {isa = PBXFileReference; lastKnownFileType = folder.assetcatalog; path = Assets.xcassets; sourceTree = "<group>"; };
		1CFD9686202C682B00A165FB /* Base */ = {isa = PBXFileReference; lastKnownFileType = file.storyboard; name = Base; path = Base.lproj/LaunchScreen.storyboard; sourceTree = "<group>"; };
		1CFD9688202C682B00A165FB /* Info.plist */ = {isa = PBXFileReference; lastKnownFileType = text.plist.xml; path = Info.plist; sourceTree = "<group>"; };
		1CFD968D202C682C00A165FB /* testCameraSimpleTests.xctest */ = {isa = PBXFileReference; explicitFileType = wrapper.cfbundle; includeInIndex = 0; path = testCameraSimpleTests.xctest; sourceTree = BUILT_PRODUCTS_DIR; };
		1CFD9691202C682C00A165FB /* testCameraSimpleTests.swift */ = {isa = PBXFileReference; lastKnownFileType = sourcecode.swift; path = testCameraSimpleTests.swift; sourceTree = "<group>"; };
		1CFD9693202C682C00A165FB /* Info.plist */ = {isa = PBXFileReference; lastKnownFileType = text.plist.xml; path = Info.plist; sourceTree = "<group>"; };
		1CFD9698202C682C00A165FB /* testCameraSimpleUITests.xctest */ = {isa = PBXFileReference; explicitFileType = wrapper.cfbundle; includeInIndex = 0; path = testCameraSimpleUITests.xctest; sourceTree = BUILT_PRODUCTS_DIR; };
		1CFD969C202C682C00A165FB /* testCameraSimpleUITests.swift */ = {isa = PBXFileReference; lastKnownFileType = sourcecode.swift; path = testCameraSimpleUITests.swift; sourceTree = "<group>"; };
		1CFD969E202C682C00A165FB /* Info.plist */ = {isa = PBXFileReference; lastKnownFileType = text.plist.xml; path = Info.plist; sourceTree = "<group>"; };
/* End PBXFileReference section */

/* Begin PBXFrameworksBuildPhase section */
		1CFD9676202C682B00A165FB /* Frameworks */ = {
			isa = PBXFrameworksBuildPhase;
			buildActionMask = 2147483647;
			files = (
			);
			runOnlyForDeploymentPostprocessing = 0;
		};
		1CFD968A202C682C00A165FB /* Frameworks */ = {
			isa = PBXFrameworksBuildPhase;
			buildActionMask = 2147483647;
			files = (
			);
			runOnlyForDeploymentPostprocessing = 0;
		};
		1CFD9695202C682C00A165FB /* Frameworks */ = {
			isa = PBXFrameworksBuildPhase;
			buildActionMask = 2147483647;
			files = (
			);
			runOnlyForDeploymentPostprocessing = 0;
		};
/* End PBXFrameworksBuildPhase section */

/* Begin PBXGroup section */
		1CFD9670202C682B00A165FB = {
			isa = PBXGroup;
			children = (
				1CFD967B202C682B00A165FB /* testCameraSimple */,
				1CFD9690202C682C00A165FB /* testCameraSimpleTests */,
				1CFD969B202C682C00A165FB /* testCameraSimpleUITests */,
				1CFD967A202C682B00A165FB /* Products */,
			);
			sourceTree = "<group>";
		};
		1CFD967A202C682B00A165FB /* Products */ = {
			isa = PBXGroup;
			children = (
				1CFD9679202C682B00A165FB /* testCameraSimple.app */,
				1CFD968D202C682C00A165FB /* testCameraSimpleTests.xctest */,
				1CFD9698202C682C00A165FB /* testCameraSimpleUITests.xctest */,
			);
			name = Products;
			sourceTree = "<group>";
		};
		1CFD967B202C682B00A165FB /* testCameraSimple */ = {
			isa = PBXGroup;
			children = (
				1CFD967C202C682B00A165FB /* AppDelegate.swift */,
				1CFD967E202C682B00A165FB /* ViewController.swift */,
				1CFD9680202C682B00A165FB /* Main.storyboard */,
				1CFD9683202C682B00A165FB /* Assets.xcassets */,
				1CFD9685202C682B00A165FB /* LaunchScreen.storyboard */,
				1CFD9688202C682B00A165FB /* Info.plist */,
			);
			path = testCameraSimple;
			sourceTree = "<group>";
		};
		1CFD9690202C682C00A165FB /* testCameraSimpleTests */ = {
			isa = PBXGroup;
			children = (
				1CFD9691202C682C00A165FB /* testCameraSimpleTests.swift */,
				1CFD9693202C682C00A165FB /* Info.plist */,
			);
			path = testCameraSimpleTests;
			sourceTree = "<group>";
		};
		1CFD969B202C682C00A165FB /* testCameraSimpleUITests */ = {
			isa = PBXGroup;
			children = (
				1CFD969C202C682C00A165FB /* testCameraSimpleUITests.swift */,
				1CFD969E202C682C00A165FB /* Info.plist */,
			);
			path = testCameraSimpleUITests;
			sourceTree = "<group>";
		};
/* End PBXGroup section */

/* Begin PBXNativeTarget section */
		1CFD9678202C682B00A165FB /* testCameraSimple */ = {
			isa = PBXNativeTarget;
			buildConfigurationList = 1CFD96A1202C682C00A165FB /* Build configuration list for PBXNativeTarget "testCameraSimple" */;
			buildPhases = (
				1CFD9675202C682B00A165FB /* Sources */,
				1CFD9676202C682B00A165FB /* Frameworks */,
				1CFD9677202C682B00A165FB /* Resources */,
			);
			buildRules = (
			);
			dependencies = (
			);
			name = testCameraSimple;
			productName = testCameraSimple;
			productReference = 1CFD9679202C682B00A165FB /* testCameraSimple.app */;
			productType = "com.apple.product-type.application";
		};
		1CFD968C202C682C00A165FB /* testCameraSimpleTests */ = {
			isa = PBXNativeTarget;
			buildConfigurationList = 1CFD96A4202C682C00A165FB /* Build configuration list for PBXNativeTarget "testCameraSimpleTests" */;
			buildPhases = (
				1CFD9689202C682C00A165FB /* Sources */,
				1CFD968A202C682C00A165FB /* Frameworks */,
				1CFD968B202C682C00A165FB /* Resources */,
			);
			buildRules = (
			);
			dependencies = (
				1CFD968F202C682C00A165FB /* PBXTargetDependency */,
			);
			name = testCameraSimpleTests;
			productName = testCameraSimpleTests;
			productReference = 1CFD968D202C682C00A165FB /* testCameraSimpleTests.xctest */;
			productType = "com.apple.product-type.bundle.unit-test";
		};
		1CFD9697202C682C00A165FB /* testCameraSimpleUITests */ = {
			isa = PBXNativeTarget;
			buildConfigurationList = 1CFD96A7202C682C00A165FB /* Build configuration list for PBXNativeTarget "testCameraSimpleUITests" */;
			buildPhases = (
				1CFD9694202C682C00A165FB /* Sources */,
				1CFD9695202C682C00A165FB /* Frameworks */,
				1CFD9696202C682C00A165FB /* Resources */,
			);
			buildRules = (
			);
			dependencies = (
				1CFD969A202C682C00A165FB /* PBXTargetDependency */,
			);
			name = testCameraSimpleUITests;
			productName = testCameraSimpleUITests;
			productReference = 1CFD9698202C682C00A165FB /* testCameraSimpleUITests.xctest */;
			productType = "com.apple.product-type.bundle.ui-testing";
		};
/* End PBXNativeTarget section */

/* Begin PBXProject section */
		1CFD9671202C682B00A165FB /* Project object */ = {
			isa = PBXProject;
			attributes = {
				LastSwiftUpdateCheck = 0920;
				LastUpgradeCheck = 0920;
				ORGANIZATIONNAME = osu;
				TargetAttributes = {
					1CFD9678202C682B00A165FB = {
						CreatedOnToolsVersion = 9.2;
						ProvisioningStyle = Automatic;
					};
					1CFD968C202C682C00A165FB = {
						CreatedOnToolsVersion = 9.2;
						ProvisioningStyle = Automatic;
						TestTargetID = 1CFD9678202C682B00A165FB;
					};
					1CFD9697202C682C00A165FB = {
						CreatedOnToolsVersion = 9.2;
						ProvisioningStyle = Automatic;
						TestTargetID = 1CFD9678202C682B00A165FB;
					};
				};
			};
			buildConfigurationList = 1CFD9674202C682B00A165FB /* Build configuration list for PBXProject "testCameraSimple" */;
			compatibilityVersion = "Xcode 8.0";
			developmentRegion = en;
			hasScannedForEncodings = 0;
			knownRegions = (
				en,
				Base,
			);
			mainGroup = 1CFD9670202C682B00A165FB;
			productRefGroup = 1CFD967A202C682B00A165FB /* Products */;
			projectDirPath = "";
			projectRoot = "";
			targets = (
				1CFD9678202C682B00A165FB /* testCameraSimple */,
				1CFD968C202C682C00A165FB /* testCameraSimpleTests */,
				1CFD9697202C682C00A165FB /* testCameraSimpleUITests */,
			);
		};
/* End PBXProject section */

/* Begin PBXResourcesBuildPhase section */
		1CFD9677202C682B00A165FB /* Resources */ = {
			isa = PBXResourcesBuildPhase;
			buildActionMask = 2147483647;
			files = (
				1CFD9687202C682B00A165FB /* LaunchScreen.storyboard in Resources */,
				1CFD9684202C682B00A165FB /* Assets.xcassets in Resources */,
				1CFD9682202C682B00A165FB /* Main.storyboard in Resources */,
			);
			runOnlyForDeploymentPostprocessing = 0;
		};
		1CFD968B202C682C00A165FB /* Resources */ = {
			isa = PBXResourcesBuildPhase;
			buildActionMask = 2147483647;
			files = (
			);
			runOnlyForDeploymentPostprocessing = 0;
		};
		1CFD9696202C682C00A165FB /* Resources */ = {
			isa = PBXResourcesBuildPhase;
			buildActionMask = 2147483647;
			files = (
			);
			runOnlyForDeploymentPostprocessing = 0;
		};
/* End PBXResourcesBuildPhase section */

/* Begin PBXSourcesBuildPhase section */
		1CFD9675202C682B00A165FB /* Sources */ = {
			isa = PBXSourcesBuildPhase;
			buildActionMask = 2147483647;
			files = (
				1CFD967F202C682B00A165FB /* ViewController.swift in Sources */,
				1CFD967D202C682B00A165FB /* AppDelegate.swift in Sources */,
			);
			runOnlyForDeploymentPostprocessing = 0;
		};
		1CFD9689202C682C00A165FB /* Sources */ = {
			isa = PBXSourcesBuildPhase;
			buildActionMask = 2147483647;
			files = (
				1CFD9692202C682C00A165FB /* testCameraSimpleTests.swift in Sources */,
			);
			runOnlyForDeploymentPostprocessing = 0;
		};
		1CFD9694202C682C00A165FB /* Sources */ = {
			isa = PBXSourcesBuildPhase;
			buildActionMask = 2147483647;
			files = (
				1CFD969D202C682C00A165FB /* testCameraSimpleUITests.swift in Sources */,
			);
			runOnlyForDeploymentPostprocessing = 0;
		};
/* End PBXSourcesBuildPhase section */

/* Begin PBXTargetDependency section */
		1CFD968F202C682C00A165FB /* PBXTargetDependency */ = {
			isa = PBXTargetDependency;
			target = 1CFD9678202C682B00A165FB /* testCameraSimple */;
			targetProxy = 1CFD968E202C682C00A165FB /* PBXContainerItemProxy */;
		};
		1CFD969A202C682C00A165FB /* PBXTargetDependency */ = {
			isa = PBXTargetDependency;
			target = 1CFD9678202C682B00A165FB /* testCameraSimple */;
			targetProxy = 1CFD9699202C682C00A165FB /* PBXContainerItemProxy */;
		};
/* End PBXTargetDependency section */

/* Begin PBXVariantGroup section */
		1CFD9680202C682B00A165FB /* Main.storyboard */ = {
			isa = PBXVariantGroup;
			children = (
				1CFD9681202C682B00A165FB /* Base */,
			);
			name = Main.storyboard;
			sourceTree = "<group>";
		};
		1CFD9685202C682B00A165FB /* LaunchScreen.storyboard */ = {
			isa = PBXVariantGroup;
			children = (
				1CFD9686202C682B00A165FB /* Base */,
			);
			name = LaunchScreen.storyboard;
			sourceTree = "<group>";
		};
/* End PBXVariantGroup section */

/* Begin XCBuildConfiguration section */
		1CFD969F202C682C00A165FB /* Debug */ = {
			isa = XCBuildConfiguration;
			buildSettings = {
				ALWAYS_SEARCH_USER_PATHS = NO;
				CLANG_ANALYZER_NONNULL = YES;
				CLANG_ANALYZER_NUMBER_OBJECT_CONVERSION = YES_AGGRESSIVE;
				CLANG_CXX_LANGUAGE_STANDARD = "gnu++14";
				CLANG_CXX_LIBRARY = "libc++";
				CLANG_ENABLE_MODULES = YES;
				CLANG_ENABLE_OBJC_ARC = YES;
				CLANG_WARN_BLOCK_CAPTURE_AUTORELEASING = YES;
				CLANG_WARN_BOOL_CONVERSION = YES;
				CLANG_WARN_COMMA = YES;
				CLANG_WARN_CONSTANT_CONVERSION = YES;
				CLANG_WARN_DIRECT_OBJC_ISA_USAGE = YES_ERROR;
				CLANG_WARN_DOCUMENTATION_COMMENTS = YES;
				CLANG_WARN_EMPTY_BODY = YES;
				CLANG_WARN_ENUM_CONVERSION = YES;
				CLANG_WARN_INFINITE_RECURSION = YES;
				CLANG_WARN_INT_CONVERSION = YES;
				CLANG_WARN_NON_LITERAL_NULL_CONVERSION = YES;
				CLANG_WARN_OBJC_LITERAL_CONVERSION = YES;
				CLANG_WARN_OBJC_ROOT_CLASS = YES_ERROR;
				CLANG_WARN_RANGE_LOOP_ANALYSIS = YES;
				CLANG_WARN_STRICT_PROTOTYPES = YES;
				CLANG_WARN_SUSPICIOUS_MOVE = YES;
				CLANG_WARN_UNGUARDED_AVAILABILITY = YES_AGGRESSIVE;
				CLANG_WARN_UNREACHABLE_CODE = YES;
				CLANG_WARN__DUPLICATE_METHOD_MATCH = YES;
				CODE_SIGN_IDENTITY = "iPhone Developer";
				COPY_PHASE_STRIP = NO;
				DEBUG_INFORMATION_FORMAT = dwarf;
				ENABLE_STRICT_OBJC_MSGSEND = YES;
				ENABLE_TESTABILITY = YES;
				GCC_C_LANGUAGE_STANDARD = gnu11;
				GCC_DYNAMIC_NO_PIC = NO;
				GCC_NO_COMMON_BLOCKS = YES;
				GCC_OPTIMIZATION_LEVEL = 0;
				GCC_PREPROCESSOR_DEFINITIONS = (
					"DEBUG=1",
					"$(inherited)",
				);
				GCC_WARN_64_TO_32_BIT_CONVERSION = YES;
				GCC_WARN_ABOUT_RETURN_TYPE = YES_ERROR;
				GCC_WARN_UNDECLARED_SELECTOR = YES;
				GCC_WARN_UNINITIALIZED_AUTOS = YES_AGGRESSIVE;
				GCC_WARN_UNUSED_FUNCTION = YES;
				GCC_WARN_UNUSED_VARIABLE = YES;
				IPHONEOS_DEPLOYMENT_TARGET = 11.2;
				MTL_ENABLE_DEBUG_INFO = YES;
				ONLY_ACTIVE_ARCH = YES;
				SDKROOT = iphoneos;
				SWIFT_ACTIVE_COMPILATION_CONDITIONS = DEBUG;
				SWIFT_OPTIMIZATION_LEVEL = "-Onone";
			};
			name = Debug;
		};
		1CFD96A0202C682C00A165FB /* Release */ = {
			isa = XCBuildConfiguration;
			buildSettings = {
				ALWAYS_SEARCH_USER_PATHS = NO;
				CLANG_ANALYZER_NONNULL = YES;
				CLANG_ANALYZER_NUMBER_OBJECT_CONVERSION = YES_AGGRESSIVE;
				CLANG_CXX_LANGUAGE_STANDARD = "gnu++14";
				CLANG_CXX_LIBRARY = "libc++";
				CLANG_ENABLE_MODULES = YES;
				CLANG_ENABLE_OBJC_ARC = YES;
				CLANG_WARN_BLOCK_CAPTURE_AUTORELEASING = YES;
				CLANG_WARN_BOOL_CONVERSION = YES;
				CLANG_WARN_COMMA = YES;
				CLANG_WARN_CONSTANT_CONVERSION = YES;
				CLANG_WARN_DIRECT_OBJC_ISA_USAGE = YES_ERROR;
				CLANG_WARN_DOCUMENTATION_COMMENTS = YES;
				CLANG_WARN_EMPTY_BODY = YES;
				CLANG_WARN_ENUM_CONVERSION = YES;
				CLANG_WARN_INFINITE_RECURSION = YES;
				CLANG_WARN_INT_CONVERSION = YES;
				CLANG_WARN_NON_LITERAL_NULL_CONVERSION = YES;
				CLANG_WARN_OBJC_LITERAL_CONVERSION = YES;
				CLANG_WARN_OBJC_ROOT_CLASS = YES_ERROR;
				CLANG_WARN_RANGE_LOOP_ANALYSIS = YES;
				CLANG_WARN_STRICT_PROTOTYPES = YES;
				CLANG_WARN_SUSPICIOUS_MOVE = YES;
				CLANG_WARN_UNGUARDED_AVAILABILITY = YES_AGGRESSIVE;
				CLANG_WARN_UNREACHABLE_CODE = YES;
				CLANG_WARN__DUPLICATE_METHOD_MATCH = YES;
				CODE_SIGN_IDENTITY = "iPhone Developer";
				COPY_PHASE_STRIP = NO;
				DEBUG_INFORMATION_FORMAT = "dwarf-with-dsym";
				ENABLE_NS_ASSERTIONS = NO;
				ENABLE_STRICT_OBJC_MSGSEND = YES;
				GCC_C_LANGUAGE_STANDARD = gnu11;
				GCC_NO_COMMON_BLOCKS = YES;
				GCC_WARN_64_TO_32_BIT_CONVERSION = YES;
				GCC_WARN_ABOUT_RETURN_TYPE = YES_ERROR;
				GCC_WARN_UNDECLARED_SELECTOR = YES;
				GCC_WARN_UNINITIALIZED_AUTOS = YES_AGGRESSIVE;
				GCC_WARN_UNUSED_FUNCTION = YES;
				GCC_WARN_UNUSED_VARIABLE = YES;
				IPHONEOS_DEPLOYMENT_TARGET = 11.2;
				MTL_ENABLE_DEBUG_INFO = NO;
				SDKROOT = iphoneos;
				SWIFT_OPTIMIZATION_LEVEL = "-Owholemodule";
				VALIDATE_PRODUCT = YES;
			};
			name = Release;
		};
		1CFD96A2202C682C00A165FB /* Debug */ = {
			isa = XCBuildConfiguration;
			buildSettings = {
				ASSETCATALOG_COMPILER_APPICON_NAME = AppIcon;
				CODE_SIGN_STYLE = Automatic;
				DEVELOPMENT_TEAM = Q4N56BM5RN;
				INFOPLIST_FILE = testCameraSimple/Info.plist;
				LD_RUNPATH_SEARCH_PATHS = "$(inherited) @executable_path/Frameworks";
				PRODUCT_BUNDLE_IDENTIFIER = com.liquid.testCameraSimple;
				PRODUCT_NAME = "$(TARGET_NAME)";
				SWIFT_VERSION = 4.0;
				TARGETED_DEVICE_FAMILY = "1,2";
			};
			name = Debug;
		};
		1CFD96A3202C682C00A165FB /* Release */ = {
			isa = XCBuildConfiguration;
			buildSettings = {
				ASSETCATALOG_COMPILER_APPICON_NAME = AppIcon;
				CODE_SIGN_STYLE = Automatic;
				DEVELOPMENT_TEAM = Q4N56BM5RN;
				INFOPLIST_FILE = testCameraSimple/Info.plist;
				LD_RUNPATH_SEARCH_PATHS = "$(inherited) @executable_path/Frameworks";
				PRODUCT_BUNDLE_IDENTIFIER = com.liquid.testCameraSimple;
				PRODUCT_NAME = "$(TARGET_NAME)";
				SWIFT_VERSION = 4.0;
				TARGETED_DEVICE_FAMILY = "1,2";
			};
			name = Release;
		};
		1CFD96A5202C682C00A165FB /* Debug */ = {
			isa = XCBuildConfiguration;
			buildSettings = {
				ALWAYS_EMBED_SWIFT_STANDARD_LIBRARIES = YES;
				BUNDLE_LOADER = "$(TEST_HOST)";
				CODE_SIGN_STYLE = Automatic;
				DEVELOPMENT_TEAM = Q4N56BM5RN;
				INFOPLIST_FILE = testCameraSimpleTests/Info.plist;
				LD_RUNPATH_SEARCH_PATHS = "$(inherited) @executable_path/Frameworks @loader_path/Frameworks";
				PRODUCT_BUNDLE_IDENTIFIER = com.liquid.testCameraSimpleTests;
				PRODUCT_NAME = "$(TARGET_NAME)";
				SWIFT_VERSION = 4.0;
				TARGETED_DEVICE_FAMILY = "1,2";
				TEST_HOST = "$(BUILT_PRODUCTS_DIR)/testCameraSimple.app/testCameraSimple";
			};
			name = Debug;
		};
		1CFD96A6202C682C00A165FB /* Release */ = {
			isa = XCBuildConfiguration;
			buildSettings = {
				ALWAYS_EMBED_SWIFT_STANDARD_LIBRARIES = YES;
				BUNDLE_LOADER = "$(TEST_HOST)";
				CODE_SIGN_STYLE = Automatic;
				DEVELOPMENT_TEAM = Q4N56BM5RN;
				INFOPLIST_FILE = testCameraSimpleTests/Info.plist;
				LD_RUNPATH_SEARCH_PATHS = "$(inherited) @executable_path/Frameworks @loader_path/Frameworks";
				PRODUCT_BUNDLE_IDENTIFIER = com.liquid.testCameraSimpleTests;
				PRODUCT_NAME = "$(TARGET_NAME)";
				SWIFT_VERSION = 4.0;
				TARGETED_DEVICE_FAMILY = "1,2";
				TEST_HOST = "$(BUILT_PRODUCTS_DIR)/testCameraSimple.app/testCameraSimple";
			};
			name = Release;
		};
		1CFD96A8202C682C00A165FB /* Debug */ = {
			isa = XCBuildConfiguration;
			buildSettings = {
				ALWAYS_EMBED_SWIFT_STANDARD_LIBRARIES = YES;
				CODE_SIGN_STYLE = Automatic;
				DEVELOPMENT_TEAM = Q4N56BM5RN;
				INFOPLIST_FILE = testCameraSimpleUITests/Info.plist;
				LD_RUNPATH_SEARCH_PATHS = "$(inherited) @executable_path/Frameworks @loader_path/Frameworks";
				PRODUCT_BUNDLE_IDENTIFIER = com.liquid.testCameraSimpleUITests;
				PRODUCT_NAME = "$(TARGET_NAME)";
				SWIFT_VERSION = 4.0;
				TARGETED_DEVICE_FAMILY = "1,2";
				TEST_TARGET_NAME = testCameraSimple;
			};
			name = Debug;
		};
		1CFD96A9202C682C00A165FB /* Release */ = {
			isa = XCBuildConfiguration;
			buildSettings = {
				ALWAYS_EMBED_SWIFT_STANDARD_LIBRARIES = YES;
				CODE_SIGN_STYLE = Automatic;
				DEVELOPMENT_TEAM = Q4N56BM5RN;
				INFOPLIST_FILE = testCameraSimpleUITests/Info.plist;
				LD_RUNPATH_SEARCH_PATHS = "$(inherited) @executable_path/Frameworks @loader_path/Frameworks";
				PRODUCT_BUNDLE_IDENTIFIER = com.liquid.testCameraSimpleUITests;
				PRODUCT_NAME = "$(TARGET_NAME)";
				SWIFT_VERSION = 4.0;
				TARGETED_DEVICE_FAMILY = "1,2";
				TEST_TARGET_NAME = testCameraSimple;
			};
			name = Release;
		};
/* End XCBuildConfiguration section */

/* Begin XCConfigurationList section */
		1CFD9674202C682B00A165FB /* Build configuration list for PBXProject "testCameraSimple" */ = {
			isa = XCConfigurationList;
			buildConfigurations = (
				1CFD969F202C682C00A165FB /* Debug */,
				1CFD96A0202C682C00A165FB /* Release */,
			);
			defaultConfigurationIsVisible = 0;
			defaultConfigurationName = Release;
		};
		1CFD96A1202C682C00A165FB /* Build configuration list for PBXNativeTarget "testCameraSimple" */ = {
			isa = XCConfigurationList;
			buildConfigurations = (
				1CFD96A2202C682C00A165FB /* Debug */,
				1CFD96A3202C682C00A165FB /* Release */,
			);
			defaultConfigurationIsVisible = 0;
			defaultConfigurationName = Release;
		};
		1CFD96A4202C682C00A165FB /* Build configuration list for PBXNativeTarget "testCameraSimpleTests" */ = {
			isa = XCConfigurationList;
			buildConfigurations = (
				1CFD96A5202C682C00A165FB /* Debug */,
				1CFD96A6202C682C00A165FB /* Release */,
			);
			defaultConfigurationIsVisible = 0;
			defaultConfigurationName = Release;
		};
		1CFD96A7202C682C00A165FB /* Build configuration list for PBXNativeTarget "testCameraSimpleUITests" */ = {
			isa = XCConfigurationList;
			buildConfigurations = (
				1CFD96A8202C682C00A165FB /* Debug */,
				1CFD96A9202C682C00A165FB /* Release */,
			);
			defaultConfigurationIsVisible = 0;
			defaultConfigurationName = Release;
		};
/* End XCConfigurationList section */
	};
	rootObject = 1CFD9671202C682B00A165FB /* Project object */;
}
